<?xml version="1.0" encoding="UTF-8" standalone="yes" ?>
<CodeBlocks_project_file>
	<FileVersion major="1" minor="6" />
	<Project>
		<Option title="Push" />
		<Option pch_mode="2" />
		<Option compiler="msvc10" />
		<Build>
			<Target title="Debug Win32">
				<Option output="../../bin/Push" prefix_auto="1" extension_auto="1" />
				<Option type="0" />
				<Option compiler="msvc10" />
				<Compiler>
					<Add option="/Zi" />
					<Add option="/DNO_STRICT" />
					<Add option="/DDEBUG" />
					<Add option="/D_WOW64_" />
				</Compiler>
				<Linker>
					<Add option="/DEBUG" />
					<Add option='/MANIFEST /MANIFESTDEPENDENCY:&quot;type=&apos;win32&apos; name=&apos;Microsoft.Windows.Common-Controls&apos; version=&apos;6.0.0.0&apos; processorArchitecture=&apos;*&apos; publicKeyToken=&apos;6595b64144ccf1df&apos; language=&apos;*&apos;&quot; /MANIFESTUAC:&quot;level=&apos;requireAdministrator&apos; uiAccess=&apos;false&apos;&quot;' />
					<Add library="comctl32.lib" />
					<Add library="d3d9.lib" />
					<Add library="psapi.lib" />
					<Add library="ntdll.lib" />
					<Add library="advapi32.lib" />
					<Add library="setupapi.lib" />
					<Add library="user32.lib" />
					<Add library="shell32.lib" />
					<Add library="comdlg32.lib" />
				</Linker>
			</Target>
			<Target title="Debug x64">
				<Option output="Push" prefix_auto="1" extension_auto="1" />
				<Option type="0" />
				<Option compiler="msvc10" />
				<Linker>
					<Add option="/debug" />
					<Add directory="$(SolutionDir)source/_resources/nvapi" />
					<Add directory="$(LibraryPath)" />
				</Linker>
			</Target>
			<Target title="Release x64">
				<Option output="Push" prefix_auto="1" extension_auto="1" />
				<Option type="0" />
				<Option compiler="msvc10" />
				<Linker>
					<Add directory="$(SolutionDir)source/_resources/nvapi" />
					<Add directory="$(LibraryPath)" />
				</Linker>
			</Target>
			<Target title="Release Win32">
				<Option output="../../bin/Push" prefix_auto="1" extension_auto="1" />
				<Option type="0" />
				<Option compiler="msvc10" />
			</Target>
			<Target title="GCC">
				<Option output="../../bin/Push" prefix_auto="1" extension_auto="1" />
				<Option type="0" />
				<Option compiler="gcc" />
			</Target>
		</Build>
		<VirtualTargets>
			<Add alias="hgjhj" targets="Debug Win32;Debug x64;Release x64;Release Win32;" />
		</VirtualTargets>
		<Compiler>
			<Add option="-fpermissive" />
			<Add directory="../push[exe]" />
			<Add directory="RAMdisk" />
			<Add directory="GUI" />
			<Add directory="Hardware" />
			<Add directory="../../source" />
			<Add directory="../../resources/sl" />
			<Add directory="../../resources/ADL" />
			<Add directory="OSD" />
		</Compiler>
		<Linker>
			<Add library="sl" />
			<Add library="ntdll" />
			<Add library="imagehlp" />
			<Add library="advapi32" />
			<Add library="setupapi" />
			<Add library="gdi32" />
			<Add library="inject64" />
			<Add directory="../_resources/ddk/lib" />
			<Add directory="../_resources/sl/lib" />
			<Add directory="../../resources/sl/lib/i386" />
		</Linker>
		<ExtraCommands>
			<Add after="mt.exe -manifest Push.exe.manifest -outputresource:..\..\bin\Push.exe;#1" />
		</ExtraCommands>
		<Unit filename="GUI/cache.cpp" />
		<Unit filename="GUI/cache.h" />
		<Unit filename="GUI/copy.cpp" />
		<Unit filename="GUI/copy.h" />
		<Unit filename="GUI/gui.cpp">
			<Option compilerVar="CC" />
		</Unit>
		<Unit filename="GUI/gui.h" />
		<Unit filename="GUI/main.cpp" />
		<Unit filename="GUI/main.h" />
		<Unit filename="Hardware/ATI/radeon.h" />
		<Unit filename="Hardware/CPU/intel.cpp" />
		<Unit filename="Hardware/CPU/intel.h" />
		<Unit filename="Hardware/GPU/AmdGpu.cpp" />
		<Unit filename="Hardware/GPU/GenericGpu.cpp" />
		<Unit filename="Hardware/GPU/GenericGpu.h" />
		<Unit filename="Hardware/GPU/IntelGpu.cpp" />
		<Unit filename="Hardware/GPU/IntelGpu.h" />
		<Unit filename="Hardware/GPU/NvThermalDiode/Context.cpp" />
		<Unit filename="Hardware/GPU/NvThermalDiode/Context.h" />
		<Unit filename="Hardware/GPU/NvThermalDiode/NvThermalDiode.cpp" />
		<Unit filename="Hardware/GPU/NvThermalDiode/NvThermalDiode.h" />
		<Unit filename="push.cpp" />
		<Extensions>
			<code_completion />
			<debugger />
		</Extensions>
	</Project>
</CodeBlocks_project_file>
