<?xml version="1.0" encoding="utf-8"?>
<Project ToolsVersion="4.0" xmlns="http://schemas.microsoft.com/developer/msbuild/2003">
  <ItemGroup>
    <Filter Include="Resources">
      <UniqueIdentifier>{eefd9020-8333-4533-888d-df89bc15e2f3}</UniqueIdentifier>
    </Filter>
    <Filter Include="GUI">
      <UniqueIdentifier>{702a59fe-87f2-4098-b48f-115dbd696749}</UniqueIdentifier>
    </Filter>
    <Filter Include="Hardware">
      <UniqueIdentifier>{5efd4839-3171-45d8-b957-f84047ac9473}</UniqueIdentifier>
    </Filter>
    <Filter Include="Hardware\CPU">
      <UniqueIdentifier>{b906b572-10b0-42f6-bd09-a17e7a5554c3}</UniqueIdentifier>
    </Filter>
    <Filter Include="OSD">
      <UniqueIdentifier>{69b4416b-c4dd-45f8-848c-49c056479f63}</UniqueIdentifier>
    </Filter>
    <Filter Include="Hardware\GPU">
      <UniqueIdentifier>{fcd9c1d8-ba5f-4ed9-b173-4770cf975096}</UniqueIdentifier>
    </Filter>
    <Filter Include="Hardware\GPU\Nvidia">
      <UniqueIdentifier>{20c6b0fa-ed83-43e4-8c82-bc9925133b83}</UniqueIdentifier>
    </Filter>
    <Filter Include="Hardware\GPU\Nvidia\NvThermalDiode">
      <UniqueIdentifier>{b0910c16-f922-4679-b165-8028cb58cf59}</UniqueIdentifier>
    </Filter>
    <Filter Include="Hardware\GPU\AMD">
      <UniqueIdentifier>{15280883-a32c-4c97-9c79-bdff84203fce}</UniqueIdentifier>
    </Filter>
    <Filter Include="Hardware\GPU\Intel">
      <UniqueIdentifier>{bc3c079b-1d08-4a50-b1d5-b656ce99b1e5}</UniqueIdentifier>
    </Filter>
  </ItemGroup>
  <ItemGroup>
    <ClCompile Include="OSD\local.c">
      <Filter>OSD</Filter>
    </ClCompile>
    <ClCompile Include="batch.c" />
    <ClCompile Include="driver.c" />
    <ClCompile Include="file.c" />
    <ClCompile Include="game.c" />
    <ClCompile Include="push.c" />
    <ClCompile Include="ramdisk.c" />
    <ClCompile Include="ring0.c" />
    <ClCompile Include="OSD\osd.c">
      <Filter>OSD</Filter>
    </ClCompile>
    <ClCompile Include="OSD\rtss.c">
      <Filter>OSD</Filter>
    </ClCompile>
    <ClCompile Include="Hardware\disk.c">
      <Filter>Hardware</Filter>
    </ClCompile>
    <ClCompile Include="Hardware\hardware.c">
      <Filter>Hardware</Filter>
    </ClCompile>
    <ClCompile Include="Hardware\CPU\amd.c">
      <Filter>Hardware\CPU</Filter>
    </ClCompile>
    <ClCompile Include="Hardware\CPU\cpu.c">
      <Filter>Hardware\CPU</Filter>
    </ClCompile>
    <ClCompile Include="Hardware\CPU\intel.c">
      <Filter>Hardware\CPU</Filter>
    </ClCompile>
    <ClCompile Include="GUI\cache.c">
      <Filter>GUI</Filter>
    </ClCompile>
    <ClCompile Include="GUI\copy.c">
      <Filter>GUI</Filter>
    </ClCompile>
    <ClCompile Include="GUI\gui.c">
      <Filter>GUI</Filter>
    </ClCompile>
    <ClCompile Include="GUI\main.c">
      <Filter>GUI</Filter>
    </ClCompile>
    <ClCompile Include="overclock.c">
      <Filter>GUI</Filter>
    </ClCompile>
    <ClCompile Include="string.c" />
    <ClCompile Include="memory.c" />
    <ClCompile Include="registry.c" />
    <ClCompile Include="resource.c" />
    <ClCompile Include="ini.c" />
    <ClCompile Include="listview.c" />
    <ClCompile Include="folder.c" />
    <ClCompile Include="slgui.c" />
    <ClCompile Include="module.c" />
    <ClCompile Include="process.c" />
    <ClCompile Include="wow64.c" />
    <ClCompile Include="math.c" />
    <ClCompile Include="mij.c" />
    <ClCompile Include="Hardware\GPU\Nvidia\nvapi.c">
      <Filter>Hardware\GPU\Nvidia</Filter>
    </ClCompile>
    <ClCompile Include="Hardware\GPU\Nvidia\NvidiaGpu.c">
      <Filter>Hardware\GPU\Nvidia</Filter>
    </ClCompile>
    <ClCompile Include="Hardware\GPU\Nvidia\OpenNvapi.c">
      <Filter>Hardware\GPU\Nvidia</Filter>
    </ClCompile>
    <ClCompile Include="Hardware\GPU\Nvidia\nv50.c">
      <Filter>Hardware\GPU\Nvidia</Filter>
    </ClCompile>
    <ClCompile Include="Hardware\GPU\Nvidia\nva8.c">
      <Filter>Hardware\GPU\Nvidia</Filter>
    </ClCompile>
    <ClCompile Include="Hardware\GPU\Nvidia\NvThermalDiode\Context.c">
      <Filter>Hardware\GPU\Nvidia\NvThermalDiode</Filter>
    </ClCompile>
    <ClCompile Include="Hardware\GPU\Nvidia\NvThermalDiode\NvThermalDiode.cpp">
      <Filter>Hardware\GPU\Nvidia\NvThermalDiode</Filter>
    </ClCompile>
    <ClCompile Include="Hardware\GPU\d3dkmt.c">
      <Filter>Hardware\GPU</Filter>
    </ClCompile>
    <ClCompile Include="Hardware\GPU\gpu.c">
      <Filter>Hardware\GPU</Filter>
    </ClCompile>
    <ClCompile Include="Hardware\GPU\AMD\adl.c">
      <Filter>Hardware\GPU\AMD</Filter>
    </ClCompile>
    <ClCompile Include="Hardware\GPU\AMD\AmdGpu.c">
      <Filter>Hardware\GPU\AMD</Filter>
    </ClCompile>
    <ClCompile Include="Hardware\GPU\Intel\IntelGpu.c">
      <Filter>Hardware\GPU\Intel</Filter>
    </ClCompile>
  </ItemGroup>
  <ItemGroup>
    <ClInclude Include="GUI\cache.h">
      <Filter>GUI</Filter>
    </ClInclude>
    <ClInclude Include="GUI\copy.h">
      <Filter>GUI</Filter>
    </ClInclude>
    <ClInclude Include="GUI\gui.h">
      <Filter>GUI</Filter>
    </ClInclude>
    <ClInclude Include="GUI\main.h">
      <Filter>GUI</Filter>
    </ClInclude>
    <ClInclude Include="Hardware\disk.h">
      <Filter>Hardware</Filter>
    </ClInclude>
    <ClInclude Include="hardware\cpu\intel.h">
      <Filter>Hardware\CPU</Filter>
    </ClInclude>
    <ClInclude Include="batch.h" />
    <ClInclude Include="ring0.h" />
    <ClInclude Include="file.h" />
    <ClInclude Include="push.h" />
    <ClInclude Include="game.h" />
    <ClInclude Include="driver.h" />
    <ClInclude Include="ramdisk.h" />
    <ClInclude Include="Hardware\hardware.h">
      <Filter>Hardware</Filter>
    </ClInclude>
    <ClInclude Include="OSD\osd.h">
      <Filter>OSD</Filter>
    </ClInclude>
    <ClInclude Include="OSD\rtss.h">
      <Filter>OSD</Filter>
    </ClInclude>
    <ClInclude Include="Hardware\CPU\cpu.h">
      <Filter>Hardware\CPU</Filter>
    </ClInclude>
    <ClInclude Include="Hardware\vendors.h">
      <Filter>Hardware</Filter>
    </ClInclude>
    <ClInclude Include="Hardware\CPU\amd.h">
      <Filter>Hardware\CPU</Filter>
    </ClInclude>
    <ClInclude Include="wow64.h" />
    <ClInclude Include="mij.h" />
    <ClInclude Include="Hardware\GPU\Nvidia\nvapi.h">
      <Filter>Hardware\GPU\Nvidia</Filter>
    </ClInclude>
    <ClInclude Include="Hardware\GPU\Nvidia\NvidiaGpu.h">
      <Filter>Hardware\GPU\Nvidia</Filter>
    </ClInclude>
    <ClInclude Include="Hardware\GPU\Nvidia\OpenNvapi.h">
      <Filter>Hardware\GPU\Nvidia</Filter>
    </ClInclude>
    <ClInclude Include="Hardware\GPU\Nvidia\nv50.h">
      <Filter>Hardware\GPU\Nvidia</Filter>
    </ClInclude>
    <ClInclude Include="Hardware\GPU\Nvidia\nva8.h">
      <Filter>Hardware\GPU\Nvidia</Filter>
    </ClInclude>
    <ClInclude Include="Hardware\GPU\Nvidia\NvThermalDiode\Context.h">
      <Filter>Hardware\GPU\Nvidia\NvThermalDiode</Filter>
    </ClInclude>
    <ClInclude Include="Hardware\GPU\Nvidia\NvThermalDiode\NvThermalDiode.h">
      <Filter>Hardware\GPU\Nvidia\NvThermalDiode</Filter>
    </ClInclude>
    <ClInclude Include="Hardware\GPU\d3dkmt.h">
      <Filter>Hardware\GPU</Filter>
    </ClInclude>
    <ClInclude Include="Hardware\GPU\gpu.h">
      <Filter>Hardware\GPU</Filter>
    </ClInclude>
    <ClInclude Include="Hardware\GPU\AMD\adl.h">
      <Filter>Hardware\GPU\AMD</Filter>
    </ClInclude>
    <ClInclude Include="Hardware\GPU\AMD\AmdGpu.h">
      <Filter>Hardware\GPU\AMD</Filter>
    </ClInclude>
    <ClInclude Include="Hardware\GPU\Intel\IntelGpu.h">
      <Filter>Hardware\GPU\Intel</Filter>
    </ClInclude>
  </ItemGroup>
  <ItemGroup>
    <None Include="push.ico">
      <Filter>Resources</Filter>
    </None>
  </ItemGroup>
  <ItemGroup>
    <ResourceCompile Include="push.rc">
      <Filter>Resources</Filter>
    </ResourceCompile>
  </ItemGroup>
</Project>