<?xml version="1.0" encoding="utf-8"?>
<Project ToolsVersion="4.0" xmlns="http://schemas.microsoft.com/developer/msbuild/2003">
  <ItemGroup>
    <Filter Include="d3d8">
      <UniqueIdentifier>{eb89e4b5-5835-4b41-b30d-038de6aaa35a}</UniqueIdentifier>
    </Filter>
    <Filter Include="d3d9">
      <UniqueIdentifier>{35aa8e04-98b3-49bb-a971-0f35f1915347}</UniqueIdentifier>
    </Filter>
    <Filter Include="d3d10">
      <UniqueIdentifier>{82ae2bcb-e295-4339-92fa-abcab25a061e}</UniqueIdentifier>
    </Filter>
    <Filter Include="d3d11">
      <UniqueIdentifier>{c3dd6110-1f0b-4f0f-8980-24de230465ef}</UniqueIdentifier>
    </Filter>
    <Filter Include="dxgi">
      <UniqueIdentifier>{9e078acc-938f-438b-8e12-96c15aa7abac}</UniqueIdentifier>
    </Filter>
    <Filter Include="ddraw">
      <UniqueIdentifier>{dc7da8db-eadb-4c26-80fa-f0c53d51af6e}</UniqueIdentifier>
    </Filter>
    <Filter Include="ogl">
      <UniqueIdentifier>{d649ee41-b866-4cd2-b3bb-64983010d9b2}</UniqueIdentifier>
    </Filter>
  </ItemGroup>
  <ItemGroup>
    <ClCompile Include="source\ddraw\ddrawhook.cpp">
      <Filter>ddraw</Filter>
    </ClCompile>
    <ClCompile Include="source\font.cpp" />
    <ClCompile Include="source\overlay.cpp" />
    <ClCompile Include="source\shaders.cpp" />
    <ClCompile Include="source\dxgi\dxgihook.cpp">
      <Filter>dxgi</Filter>
    </ClCompile>
    <ClCompile Include="source\dxgi\dxgioverlay.cpp">
      <Filter>dxgi</Filter>
    </ClCompile>
    <ClCompile Include="source\d3d9\d3d9font.cpp">
      <Filter>d3d9</Filter>
    </ClCompile>
    <ClCompile Include="source\d3d9\d3d9hook.cpp">
      <Filter>d3d9</Filter>
    </ClCompile>
    <ClCompile Include="source\d3d9\d3d9overlay.cpp">
      <Filter>d3d9</Filter>
    </ClCompile>
    <ClCompile Include="source\d3d8\d3d8font.cpp">
      <Filter>d3d8</Filter>
    </ClCompile>
    <ClCompile Include="source\d3d8\d3d8hook.cpp">
      <Filter>d3d8</Filter>
    </ClCompile>
    <ClCompile Include="source\d3d8\d3d8overlay.cpp">
      <Filter>d3d8</Filter>
    </ClCompile>
    <ClCompile Include="source\d3d11\d3d11font.cpp">
      <Filter>d3d11</Filter>
    </ClCompile>
    <ClCompile Include="source\d3d11\d3d11overlay.cpp">
      <Filter>d3d11</Filter>
    </ClCompile>
    <ClCompile Include="source\d3d10\d3d10font.cpp">
      <Filter>d3d10</Filter>
    </ClCompile>
    <ClCompile Include="source\d3d10\d3d10overlay.cpp">
      <Filter>d3d10</Filter>
    </ClCompile>
    <ClCompile Include="source\ddraw\ddrawoverlay.cpp">
      <Filter>ddraw</Filter>
    </ClCompile>
  </ItemGroup>
  <ItemGroup>
    <ClInclude Include="source\font.h" />
    <ClInclude Include="source\shaders.h" />
    <ClInclude Include="source\dxgi\dxgihook.h">
      <Filter>dxgi</Filter>
    </ClInclude>
    <ClInclude Include="source\dxgi\dxgioverlay.h">
      <Filter>dxgi</Filter>
    </ClInclude>
    <ClInclude Include="source\d3d9\d3d9font.h">
      <Filter>d3d9</Filter>
    </ClInclude>
    <ClInclude Include="source\d3d9\d3d9hook.h">
      <Filter>d3d9</Filter>
    </ClInclude>
    <ClInclude Include="source\d3d9\d3d9overlay.h">
      <Filter>d3d9</Filter>
    </ClInclude>
    <ClInclude Include="source\d3d8\d3d8font.h">
      <Filter>d3d8</Filter>
    </ClInclude>
    <ClInclude Include="source\d3d8\d3d8hook.h">
      <Filter>d3d8</Filter>
    </ClInclude>
    <ClInclude Include="source\d3d8\d3d8overlay.h">
      <Filter>d3d8</Filter>
    </ClInclude>
    <ClInclude Include="source\d3d11\d3d11font.h">
      <Filter>d3d11</Filter>
    </ClInclude>
    <ClInclude Include="source\d3d11\d3d11overlay.h">
      <Filter>d3d11</Filter>
    </ClInclude>
    <ClInclude Include="source\d3d10\d3d10font.h">
      <Filter>d3d10</Filter>
    </ClInclude>
    <ClInclude Include="source\d3d10\d3d10overlay.h">
      <Filter>d3d10</Filter>
    </ClInclude>
    <ClInclude Include="source\ddraw\ddrawoverlay.h">
      <Filter>ddraw</Filter>
    </ClInclude>
  </ItemGroup>
</Project>