
Microsoft Visual Studio Solution File, Format Version 9.00
# Visual C++ Express 2005
Project("{8BC9CEB8-8B4A-11D0-8D11-00A0C91BC942}") = "Push", "source\push[exe]\Push_2005.vcproj", "{CDDBCCCC-6CA7-4D17-BCC1-7964AF53799D}"
EndProject
Global
	GlobalSection(SolutionConfigurationPlatforms) = preSolution
		Debug|Win32 = Debug|Win32
		Release|Win32 = Release|Win32
	EndGlobalSection
	GlobalSection(ProjectConfigurationPlatforms) = postSolution
		{CDDBCCCC-6CA7-4D17-BCC1-7964AF53799D}.Debug|Win32.ActiveCfg = Debug|Win32
		{CDDBCCCC-6CA7-4D17-BCC1-7964AF53799D}.Debug|Win32.Build.0 = Debug|Win32
		{CDDBCCCC-6CA7-4D17-BCC1-7964AF53799D}.Release|Win32.ActiveCfg = Release|Win32
		{CDDBCCCC-6CA7-4D17-BCC1-7964AF53799D}.Release|Win32.Build.0 = Release|Win32
	EndGlobalSection
	GlobalSection(SolutionProperties) = preSolution
		HideSolutionNode = FALSE
	EndGlobalSection
EndGlobal
