
Microsoft Visual Studio Solution File, Format Version 12.00
# Visual Studio 2013
VisualStudioVersion = 12.0.31101.0
MinimumVisualStudioVersion = 10.0.40219.1
Project("{8BC9CEB8-8B4A-11D0-8D11-00A0C91BC942}") = "Push", "source\push[exe]\Push.vcxproj", "{35E23888-EDF5-4CC4-8C93-CC138F34E25E}"
	ProjectSection(ProjectDependencies) = postProject
		{76309B41-A554-B920-3148-F5A7AAE4B42E} = {76309B41-A554-B920-3148-F5A7AAE4B42E}
		{92A59583-EA15-461C-9249-64FAA431ABA5} = {92A59583-EA15-461C-9249-64FAA431ABA5}
	EndProjectSection
EndProject
Project("{8BC9CEB8-8B4A-11D0-8D11-00A0C91BC942}") = "overlay", "source\overlay[dll]\overlay.vcxproj", "{92A59583-EA15-461C-9249-64FAA431ABA5}"
	ProjectSection(ProjectDependencies) = postProject
		{99E0E745-ACD1-498F-B7EB-385EE594D30C} = {99E0E745-ACD1-498F-B7EB-385EE594D30C}
		{DF460EAB-570D-4B50-9089-2E2FC801BF38} = {DF460EAB-570D-4B50-9089-2E2FC801BF38}
	EndProjectSection
EndProject
Project("{8BC9CEB8-8B4A-11D0-8D11-00A0C91BC942}") = "push0", "source\push0[sys]\push0.vcxproj", "{76309B41-A554-B920-3148-F5A7AAE4B42E}"
EndProject
Project("{8BC9CEB8-8B4A-11D0-8D11-00A0C91BC942}") = "OvRender", "resources\OvRender\source\OvRender.vcxproj", "{99E0E745-ACD1-498F-B7EB-385EE594D30C}"
EndProject
Project("{8BC9CEB8-8B4A-11D0-8D11-00A0C91BC942}") = "Effects11", "resources\Effects11\Effects11.vcxproj", "{DF460EAB-570D-4B50-9089-2E2FC801BF38}"
EndProject
Global
	GlobalSection(SolutionConfigurationPlatforms) = preSolution
		Debug|Default = Debug|Default
		Release|Default = Release|Default
	EndGlobalSection
	GlobalSection(ProjectConfigurationPlatforms) = postSolution
		{35E23888-EDF5-4CC4-8C93-CC138F34E25E}.Debug|Default.ActiveCfg = Debug|Win32
		{35E23888-EDF5-4CC4-8C93-CC138F34E25E}.Debug|Default.Build.0 = Debug|Win32
		{35E23888-EDF5-4CC4-8C93-CC138F34E25E}.Release|Default.ActiveCfg = Release|Win32
		{35E23888-EDF5-4CC4-8C93-CC138F34E25E}.Release|Default.Build.0 = Release|Win32
		{92A59583-EA15-461C-9249-64FAA431ABA5}.Debug|Default.ActiveCfg = Debug|Win32
		{92A59583-EA15-461C-9249-64FAA431ABA5}.Debug|Default.Build.0 = Debug|Win32
		{92A59583-EA15-461C-9249-64FAA431ABA5}.Release|Default.ActiveCfg = Release|Win32
		{92A59583-EA15-461C-9249-64FAA431ABA5}.Release|Default.Build.0 = Release|Win32
		{76309B41-A554-B920-3148-F5A7AAE4B42E}.Debug|Default.ActiveCfg = Debug|x64
		{76309B41-A554-B920-3148-F5A7AAE4B42E}.Debug|Default.Build.0 = Debug|x64
		{76309B41-A554-B920-3148-F5A7AAE4B42E}.Release|Default.ActiveCfg = Release|x64
		{76309B41-A554-B920-3148-F5A7AAE4B42E}.Release|Default.Build.0 = Release|x64
		{99E0E745-ACD1-498F-B7EB-385EE594D30C}.Debug|Default.ActiveCfg = Debug|Win32
		{99E0E745-ACD1-498F-B7EB-385EE594D30C}.Debug|Default.Build.0 = Debug|Win32
		{99E0E745-ACD1-498F-B7EB-385EE594D30C}.Release|Default.ActiveCfg = Release|Win32
		{99E0E745-ACD1-498F-B7EB-385EE594D30C}.Release|Default.Build.0 = Release|Win32
		{DF460EAB-570D-4B50-9089-2E2FC801BF38}.Debug|Default.ActiveCfg = Debug|Win32
		{DF460EAB-570D-4B50-9089-2E2FC801BF38}.Debug|Default.Build.0 = Debug|Win32
		{DF460EAB-570D-4B50-9089-2E2FC801BF38}.Release|Default.ActiveCfg = Release|Win32
		{DF460EAB-570D-4B50-9089-2E2FC801BF38}.Release|Default.Build.0 = Release|Win32
	EndGlobalSection
	GlobalSection(SolutionProperties) = preSolution
		HideSolutionNode = FALSE
	EndGlobalSection
EndGlobal
