<?xml version="1.0" encoding="utf-8"?>
<Project ToolsVersion="4.0" xmlns="http://schemas.microsoft.com/developer/msbuild/2003">
  <ItemGroup>
    <Filter Include="Source Files">
      <UniqueIdentifier>{4FC737F1-C7A5-4376-A066-2A32D752A2FF}</UniqueIdentifier>
      <Extensions>cpp;c;cc;cxx;def;odl;idl;hpj;bat;asm;asmx</Extensions>
    </Filter>
    <Filter Include="Header Files">
      <UniqueIdentifier>{93995380-89BD-4b04-88EB-625FBE52EBFB}</UniqueIdentifier>
      <Extensions>h;hpp;hxx;hm;inl;inc;xsd</Extensions>
    </Filter>
    <Filter Include="Resource Files">
      <UniqueIdentifier>{67DA6AB6-F800-4c08-8B7A-83BB121AAD01}</UniqueIdentifier>
      <Extensions>rc;ico;cur;bmp;dlg;rc2;rct;bin;rgs;gif;jpg;jpeg;jpe;resx;tiff;tif;png;wav;mfcribbon-ms</Extensions>
    </Filter>
  </ItemGroup>
  <ItemGroup>
    <ClInclude Include="render.h">
      <Filter>Header Files</Filter>
    </ClInclude>
    <ClInclude Include="overlay.h">
      <Filter>Header Files</Filter>
    </ClInclude>
    <ClInclude Include="osd.h">
      <Filter>Header Files</Filter>
    </ClInclude>
    <ClInclude Include="dx10\dx10overlay.h">
      <Filter>Header Files</Filter>
    </ClInclude>
    <ClInclude Include="dx10\dx10font.h">
      <Filter>Header Files</Filter>
    </ClInclude>
    <ClInclude Include="dx11\dx11overlay.h">
      <Filter>Header Files</Filter>
    </ClInclude>
    <ClInclude Include="dx11\dx11font.h">
      <Filter>Header Files</Filter>
    </ClInclude>
    <ClInclude Include="dx8\dx8overlay.h">
      <Filter>Header Files</Filter>
    </ClInclude>
    <ClInclude Include="dx8\dx8font.h">
      <Filter>Header Files</Filter>
    </ClInclude>
    <ClInclude Include="dx9\dx9overlay.h">
      <Filter>Header Files</Filter>
    </ClInclude>
    <ClInclude Include="dx9\dx9font.h">
      <Filter>Header Files</Filter>
    </ClInclude>
    <ClInclude Include="dx9\dx9hook.h">
      <Filter>Header Files</Filter>
    </ClInclude>
    <ClInclude Include="dxgi\dxgioverlay.h">
      <Filter>Header Files</Filter>
    </ClInclude>
    <ClInclude Include="font.h">
      <Filter>Header Files</Filter>
    </ClInclude>
    <ClInclude Include="ovl.h">
      <Filter>Header Files</Filter>
    </ClInclude>
    <ClInclude Include="thread.h">
      <Filter>Header Files</Filter>
    </ClInclude>
  </ItemGroup>
  <ItemGroup>
    <ClCompile Include="dx10\dx10font.cpp">
      <Filter>Source Files</Filter>
    </ClCompile>
    <ClCompile Include="dx10\dx10overlay.cpp">
      <Filter>Source Files</Filter>
    </ClCompile>
    <ClCompile Include="dx11\dx11font.cpp">
      <Filter>Source Files</Filter>
    </ClCompile>
    <ClCompile Include="dx11\dx11overlay.cpp">
      <Filter>Source Files</Filter>
    </ClCompile>
    <ClCompile Include="dx8\dx8font.cpp">
      <Filter>Source Files</Filter>
    </ClCompile>
    <ClCompile Include="dx8\dx8overlay.cpp">
      <Filter>Source Files</Filter>
    </ClCompile>
    <ClCompile Include="dx9\dx9font.cpp">
      <Filter>Source Files</Filter>
    </ClCompile>
    <ClCompile Include="dx9\dx9overlay.cpp">
      <Filter>Source Files</Filter>
    </ClCompile>
    <ClCompile Include="dxgi\dxgioverlay.cpp">
      <Filter>Source Files</Filter>
    </ClCompile>
    <ClCompile Include="font.cpp">
      <Filter>Source Files</Filter>
    </ClCompile>
    <ClCompile Include="osd.cpp">
      <Filter>Source Files</Filter>
    </ClCompile>
    <ClCompile Include="overlay.cpp">
      <Filter>Source Files</Filter>
    </ClCompile>
    <ClCompile Include="ovl.cpp">
      <Filter>Source Files</Filter>
    </ClCompile>
    <ClCompile Include="render.cpp">
      <Filter>Source Files</Filter>
    </ClCompile>
    <ClCompile Include="thread.cpp">
      <Filter>Source Files</Filter>
    </ClCompile>
  </ItemGroup>
</Project>