<?xml version="1.0" encoding="UTF-8" standalone="yes" ?>
<CodeBlocks_project_file>
	<FileVersion major="1" minor="6" />
	<Project>
		<Option title="OvRender" />
		<Option pch_mode="2" />
		<Option compiler="msvc10" />
		<Build>
			<Target title="Debug Win32">
				<Option output="../bin/OvRender" prefix_auto="1" extension_auto="1" />
				<Option working_dir="" />
				<Option type="2" />
				<Option compiler="msvc10" />
				<Option createDefFile="1" />
				<Compiler>
					<Add option="/Zi" />
					<Add option="/MTd" />
					<Add option="/DWIN32" />
					<Add option="/D_CRT_SECURE_NO_WARNINGS" />
					<Add option="/D_DEBUG" />
					<Add option="/D_LIB" />
					<Add directory="$(DXSDK_DIR)include" />
					<Add directory="$(SolutionDir)inc" />
					<Add directory="$(SolutionDir)resources/Effects11/Inc" />
					<Add directory="$(SolutionDir)resources/sl" />
					<Add directory="$(SolutionDir)resources/d3dx" />
					<Add directory="$(SolutionDir)resources/detourXS" />
					<Add directory="K:/Code/Push/resources/OvRender/source/font" />
					<Add directory="K:/Code/Push/resources/OvRender/source/hook" />
					<Add directory="K:/Code/Push/resources/OvRender/source/overlay" />
					<Add directory="K:/Code/Push/resources/OvRender/source/../resources/d3dx" />
					<Add directory="K:/Code/Push/resources/OvRender/source/../inc" />
					<Add directory="source" />
					<Add directory="source/d3d11" />
					<Add directory="source/d3d10" />
				</Compiler>
				<Linker>
					<Add option="/DEBUG" />
				</Linker>
			</Target>
			<Target title="Debug x64">
				<Option output="../bin/OvRender" prefix_auto="1" extension_auto="1" />
				<Option working_dir="" />
				<Option type="2" />
				<Option compiler="microsoft_visual_c_2010_x64" />
				<Option createDefFile="1" />
				<Compiler>
					<Add option="/Zi" />
					<Add directory="$(DXSDK_DIR)include" />
					<Add directory="$(SolutionDir)inc" />
					<Add directory="$(SolutionDir)resources/Effects11/Inc" />
					<Add directory="$(SolutionDir)resources/sl" />
					<Add directory="$(SolutionDir)resources/d3dx" />
					<Add directory="$(SolutionDir)resources/detourXS" />
					<Add directory="K:/Code/Push/resources/OvRender/source/" />
					<Add directory="K:/Code/Push/resources/OvRender/source/font" />
					<Add directory="K:/Code/Push/resources/OvRender/source/hook" />
					<Add directory="K:/Code/Push/resources/OvRender/source/overlay" />
					<Add directory="K:/Code/Push/resources/OvRender/source/../resources/d3dx" />
					<Add directory="K:/Code/Push/resources/OvRender/source/../inc" />
				</Compiler>
				<Linker>
					<Add option="/DEBUG" />
				</Linker>
			</Target>
			<Target title="Release x64">
				<Option output="OvRender" prefix_auto="1" extension_auto="1" />
				<Option working_dir="" />
				<Option type="2" />
				<Option compiler="msvc10" />
				<Option createDefFile="1" />
				<Compiler>
					<Add option="/DWIN32" />
					<Add option="/D_CRT_SECURE_NO_WARNINGS" />
					<Add option="/DNDEBUG" />
					<Add option="/D_LIB" />
					<Add directory="$(DXSDK_DIR)include" />
					<Add directory="$(SolutionDir)inc" />
					<Add directory="$(SolutionDir)resources/Effects11/Inc" />
					<Add directory="$(SolutionDir)resources/sl" />
					<Add directory="$(SolutionDir)resources/d3dx" />
					<Add directory="$(SolutionDir)resources/detourXS" />
					<Add directory="K:/Code/Push/resources/OvRender/source/" />
					<Add directory="K:/Code/Push/resources/OvRender/source/font" />
					<Add directory="K:/Code/Push/resources/OvRender/source/hook" />
					<Add directory="K:/Code/Push/resources/OvRender/source/overlay" />
					<Add directory="K:/Code/Push/resources/OvRender/source/../resources/d3dx" />
					<Add directory="K:/Code/Push/resources/OvRender/source/../inc" />
				</Compiler>
				<Linker>
					<Add directory="$(SolutionDir)$(Configuration)" />
					<Add directory="$(DXSDK_DIR)Lib/x64" />
					<Add directory="$(SolutionDir)resources/sl/lib/AMD64" />
					<Add directory="$(SolutionDir)bin64" />
					<Add directory="$(LibraryPath)" />
				</Linker>
			</Target>
			<Target title="Release Win32">
				<Option output="OvRender" prefix_auto="1" extension_auto="1" />
				<Option working_dir="" />
				<Option type="2" />
				<Option compiler="msvc10" />
				<Option createDefFile="1" />
				<Compiler>
					<Add option="/DWIN32" />
					<Add option="/D_CRT_SECURE_NO_WARNINGS" />
					<Add option="/DNDEBUG" />
					<Add option="/D_LIB" />
					<Add directory="$(DXSDK_DIR)include" />
					<Add directory="$(SolutionDir)inc" />
					<Add directory="$(SolutionDir)resources/Effects11/Inc" />
					<Add directory="$(SolutionDir)resources/sl" />
					<Add directory="$(SolutionDir)resources/d3dx" />
					<Add directory="$(SolutionDir)resources/detourXS" />
					<Add directory="K:/Code/Push/resources/OvRender/source/" />
					<Add directory="K:/Code/Push/resources/OvRender/source/font" />
					<Add directory="K:/Code/Push/resources/OvRender/source/hook" />
					<Add directory="K:/Code/Push/resources/OvRender/source/overlay" />
					<Add directory="K:/Code/Push/resources/OvRender/source/../resources/d3dx" />
					<Add directory="K:/Code/Push/resources/OvRender/source/../inc" />
				</Compiler>
				<Linker>
					<Add directory="$(SolutionDir)$(Configuration)" />
					<Add directory="$(DXSDK_DIR)Lib/x86" />
					<Add directory="$(SolutionDir)resources/sl/lib" />
					<Add directory="$(LibraryPath)" />
				</Linker>
			</Target>
		</Build>
		<Compiler>
			<Add option='/D&quot;_UNICODE&quot; /D &quot;UNICODE&quot;' />
			<Add directory="../../sl" />
			<Add directory="../../Effects11/inc" />
			<Add directory="../../detourXS" />
			<Add directory="../resources/d3dx" />
			<Add directory="font" />
			<Add directory="../inc" />
			<Add directory="hook" />
		</Compiler>
		<Unit filename="source/d3d10/D3D10Renderer.cpp" />
		<Unit filename="source/d3d10/d3d10font.h" />
		<Unit filename="source/d3d10/d3d10overlay.cpp" />
		<Unit filename="source/d3d10/d3d10overlay.h" />
		<Unit filename="source/d3d11/D3D11Renderer.cpp" />
		<Unit filename="source/d3d11/d3d11font.h" />
		<Unit filename="source/d3d11/d3d11overlay.cpp" />
		<Unit filename="source/d3d11/d3d11overlay.h" />
		<Unit filename="source/d3d8/d3d8font.cpp" />
		<Unit filename="source/d3d8/d3d8font.h" />
		<Unit filename="source/d3d8/d3d8hook.cpp" />
		<Unit filename="source/d3d8/d3d8hook.h" />
		<Unit filename="source/d3d8/d3d8overlay.cpp" />
		<Unit filename="source/d3d8/d3d8overlay.h" />
		<Unit filename="source/d3d9/d3d9font.cpp" />
		<Unit filename="source/d3d9/d3d9font.h" />
		<Unit filename="source/d3d9/d3d9hook.cpp" />
		<Unit filename="source/d3d9/d3d9hook.h" />
		<Unit filename="source/d3d9/d3d9overlay.cpp" />
		<Unit filename="source/d3d9/d3d9overlay.h" />
		<Unit filename="source/ddraw/ddrawhook.cpp" />
		<Unit filename="source/ddraw/ddrawoverlay.cpp" />
		<Unit filename="source/ddraw/ddrawoverlay.h" />
		<Unit filename="source/dxgi/dxgihook.cpp" />
		<Unit filename="source/dxgi/dxgihook.h" />
		<Unit filename="source/dxgi/dxgioverlay.cpp" />
		<Unit filename="source/dxgi/dxgioverlay.h" />
		<Unit filename="source/font.cpp" />
		<Unit filename="source/font.h" />
		<Unit filename="source/overlay.cpp" />
		<Unit filename="source/shaders.cpp" />
		<Unit filename="source/shaders.h" />
		<Extensions>
			<code_completion />
			<envvars />
			<debugger />
		</Extensions>
	</Project>
</CodeBlocks_project_file>
